// !$*UTF8*$!
{
	archiveVersion = 1;
	classes = {
	};
	objectVersion = 46;
	objects = {

/* Begin PBXBuildFile section */
		F858B13B1B80EDD200B45931 /* AppDelegate.swift in Sources */ = {isa = PBXBuildFile; fileRef = F858B13A1B80EDD200B45931 /* AppDelegate.swift */; };
		F858B13D1B80EDD200B45931 /* RootTableViewController.swift in Sources */ = {isa = PBXBuildFile; fileRef = F858B13C1B80EDD200B45931 /* RootTableViewController.swift */; };
		F858B1401B80EDD300B45931 /* Main.storyboard in Resources */ = {isa = PBXBuildFile; fileRef = F858B13E1B80EDD300B45931 /* Main.storyboard */; };
		F858B1421B80EDD300B45931 /* Assets.xcassets in Resources */ = {isa = PBXBuildFile; fileRef = F858B1411B80EDD300B45931 /* Assets.xcassets */; };
		F858B1451B80EDD300B45931 /* LaunchScreen.storyboard in Resources */ = {isa = PBXBuildFile; fileRef = F858B1431B80EDD300B45931 /* LaunchScreen.storyboard */; };
		F858B14D1B80EE0700B45931 /* ActivityViewController.swift in Sources */ = {isa = PBXBuildFile; fileRef = F858B14C1B80EE0700B45931 /* ActivityViewController.swift */; };
		F88A55FF1B80F8B2000D16F0 /* DeviceMotionViewController.swift in Sources */ = {isa = PBXBuildFile; fileRef = F88A55FE1B80F8B2000D16F0 /* DeviceMotionViewController.swift */; };
/* End PBXBuildFile section */

/* Begin PBXFileReference section */
		F858B1371B80EDD200B45931 /* LetsGetMoving.app */ = {isa = PBXFileReference; explicitFileType = wrapper.application; includeInIndex = 0; path = LetsGetMoving.app; sourceTree = BUILT_PRODUCTS_DIR; };
		F858B13A1B80EDD200B45931 /* AppDelegate.swift */ = {isa = PBXFileReference; lastKnownFileType = sourcecode.swift; path = AppDelegate.swift; sourceTree = "<group>"; };
		F858B13C1B80EDD200B45931 /* RootTableViewController.swift */ = {isa = PBXFileReference; lastKnownFileType = sourcecode.swift; path = RootTableViewController.swift; sourceTree = "<group>"; };
		F858B13F1B80EDD300B45931 /* Base */ = {isa = PBXFileReference; lastKnownFileType = file.storyboard; name = Base; path = Base.lproj/Main.storyboard; sourceTree = "<group>"; };
		F858B1411B80EDD300B45931 /* Assets.xcassets */ = {isa = PBXFileReference; lastKnownFileType = folder.assetcatalog; path = Assets.xcassets; sourceTree = "<group>"; };
		F858B1441B80EDD300B45931 /* Base */ = {isa = PBXFileReference; lastKnownFileType = file.storyboard; name = Base; path = Base.lproj/LaunchScreen.storyboard; sourceTree = "<group>"; };
		F858B1461B80EDD300B45931 /* Info.plist */ = {isa = PBXFileReference; lastKnownFileType = text.plist.xml; path = Info.plist; sourceTree = "<group>"; };
		F858B14C1B80EE0700B45931 /* ActivityViewController.swift */ = {isa = PBXFileReference; fileEncoding = 4; lastKnownFileType = sourcecode.swift; path = ActivityViewController.swift; sourceTree = "<group>"; };
		F88A55FE1B80F8B2000D16F0 /* DeviceMotionViewController.swift */ = {isa = PBXFileReference; fileEncoding = 4; lastKnownFileType = sourcecode.swift; path = DeviceMotionViewController.swift; sourceTree = "<group>"; };
/* End PBXFileReference section */

/* Begin PBXFrameworksBuildPhase section */
		F858B1341B80EDD200B45931 /* Frameworks */ = {
			isa = PBXFrameworksBuildPhase;
			buildActionMask = 2147483647;
			files = (
			);
			runOnlyForDeploymentPostprocessing = 0;
		};
/* End PBXFrameworksBuildPhase section */

/* Begin PBXGroup section */
		F858B12E1B80EDD200B45931 = {
			isa = PBXGroup;
			children = (
				F858B1391B80EDD200B45931 /* LetsGetMoving */,
				F858B1381B80EDD200B45931 /* Products */,
			);
			sourceTree = "<group>";
		};
		F858B1381B80EDD200B45931 /* Products */ = {
			isa = PBXGroup;
			children = (
				F858B1371B80EDD200B45931 /* LetsGetMoving.app */,
			);
			name = Products;
			sourceTree = "<group>";
		};
		F858B1391B80EDD200B45931 /* LetsGetMoving */ = {
			isa = PBXGroup;
			children = (
				F858B13A1B80EDD200B45931 /* AppDelegate.swift */,
				F858B13C1B80EDD200B45931 /* RootTableViewController.swift */,
				F858B13E1B80EDD300B45931 /* Main.storyboard */,
				F858B1411B80EDD300B45931 /* Assets.xcassets */,
				F858B1431B80EDD300B45931 /* LaunchScreen.storyboard */,
				F858B1461B80EDD300B45931 /* Info.plist */,
				F858B14C1B80EE0700B45931 /* ActivityViewController.swift */,
				F88A55FE1B80F8B2000D16F0 /* DeviceMotionViewController.swift */,
			);
			path = LetsGetMoving;
			sourceTree = "<group>";
		};
/* End PBXGroup section */

/* Begin PBXNativeTarget section */
		F858B1361B80EDD200B45931 /* LetsGetMoving */ = {
			isa = PBXNativeTarget;
			buildConfigurationList = F858B1491B80EDD300B45931 /* Build configuration list for PBXNativeTarget "LetsGetMoving" */;
			buildPhases = (
				F858B1331B80EDD200B45931 /* Sources */,
				F858B1341B80EDD200B45931 /* Frameworks */,
				F858B1351B80EDD200B45931 /* Resources */,
			);
			buildRules = (
			);
			dependencies = (
			);
			name = LetsGetMoving;
			productName = LetsGetMoving;
			productReference = F858B1371B80EDD200B45931 /* LetsGetMoving.app */;
			productType = "com.apple.product-type.application";
		};
/* End PBXNativeTarget section */

/* Begin PBXProject section */
		F858B12F1B80EDD200B45931 /* Project object */ = {
			isa = PBXProject;
			attributes = {
				LastUpgradeCheck = 0700;
				ORGANIZATIONNAME = "Ben Chatelain";
				TargetAttributes = {
					F858B1361B80EDD200B45931 = {
						CreatedOnToolsVersion = 7.0;
						DevelopmentTeam = MTGSZH8QM4;
					};
				};
			};
			buildConfigurationList = F858B1321B80EDD200B45931 /* Build configuration list for PBXProject "LetsGetMoving" */;
			compatibilityVersion = "Xcode 3.2";
			developmentRegion = English;
			hasScannedForEncodings = 0;
			knownRegions = (
				en,
				Base,
			);
			mainGroup = F858B12E1B80EDD200B45931;
			productRefGroup = F858B1381B80EDD200B45931 /* Products */;
			projectDirPath = "";
			projectRoot = "";
			targets = (
				F858B1361B80EDD200B45931 /* LetsGetMoving */,
			);
		};
/* End PBXProject section */

/* Begin PBXResourcesBuildPhase section */
		F858B1351B80EDD200B45931 /* Resources */ = {
			isa = PBXResourcesBuildPhase;
			buildActionMask = 2147483647;
			files = (
				F858B1451B80EDD300B45931 /* LaunchScreen.storyboard in Resources */,
				F858B1421B80EDD300B45931 /* Assets.xcassets in Resources */,
				F858B1401B80EDD300B45931 /* Main.storyboard in Resources */,
			);
			runOnlyForDeploymentPostprocessing = 0;
		};
/* End PBXResourcesBuildPhase section */

/* Begin PBXSourcesBuildPhase section */
		F858B1331B80EDD200B45931 /* Sources */ = {
			isa = PBXSourcesBuildPhase;
			buildActionMask = 2147483647;
			files = (
				F88A55FF1B80F8B2000D16F0 /* DeviceMotionViewController.swift in Sources */,
				F858B13D1B80EDD200B45931 /* RootTableViewController.swift in Sources */,
				F858B14D1B80EE0700B45931 /* ActivityViewController.swift in Sources */,
				F858B13B1B80EDD200B45931 /* AppDelegate.swift in Sources */,
			);
			runOnlyForDeploymentPostprocessing = 0;
		};
/* End PBXSourcesBuildPhase section */

/* Begin PBXVariantGroup section */
		F858B13E1B80EDD300B45931 /* Main.storyboard */ = {
			isa = PBXVariantGroup;
			children = (
				F858B13F1B80EDD300B45931 /* Base */,
			);
			name = Main.storyboard;
			sourceTree = "<group>";
		};
		F858B1431B80EDD300B45931 /* LaunchScreen.storyboard */ = {
			isa = PBXVariantGroup;
			children = (
				F858B1441B80EDD300B45931 /* Base */,
			);
			name = LaunchScreen.storyboard;
			sourceTree = "<group>";
		};
/* End PBXVariantGroup section */

/* Begin XCBuildConfiguration section */
		F858B1471B80EDD300B45931 /* Debug */ = {
			isa = XCBuildConfiguration;
			buildSettings = {
				ALWAYS_SEARCH_USER_PATHS = NO;
				CLANG_CXX_LANGUAGE_STANDARD = "gnu++0x";
				CLANG_CXX_LIBRARY = "libc++";
				CLANG_ENABLE_MODULES = YES;
				CLANG_ENABLE_OBJC_ARC = YES;
				CLANG_WARN_BOOL_CONVERSION = YES;
				CLANG_WARN_CONSTANT_CONVERSION = YES;
				CLANG_WARN_DIRECT_OBJC_ISA_USAGE = YES_ERROR;
				CLANG_WARN_EMPTY_BODY = YES;
				CLANG_WARN_ENUM_CONVERSION = YES;
				CLANG_WARN_INT_CONVERSION = YES;
				CLANG_WARN_OBJC_ROOT_CLASS = YES_ERROR;
				CLANG_WARN_UNREACHABLE_CODE = YES;
				CLANG_WARN__DUPLICATE_METHOD_MATCH = YES;
				"CODE_SIGN_IDENTITY[sdk=iphoneos*]" = "iPhone Developer";
				COPY_PHASE_STRIP = NO;
				DEBUG_INFORMATION_FORMAT = dwarf;
				ENABLE_STRICT_OBJC_MSGSEND = YES;
				ENABLE_TESTABILITY = YES;
				GCC_C_LANGUAGE_STANDARD = gnu99;
				GCC_DYNAMIC_NO_PIC = NO;
				GCC_NO_COMMON_BLOCKS = YES;
				GCC_OPTIMIZATION_LEVEL = 0;
				GCC_PREPROCESSOR_DEFINITIONS = (
					"DEBUG=1",
					"$(inherited)",
				);
				GCC_WARN_64_TO_32_BIT_CONVERSION = YES;
				GCC_WARN_ABOUT_RETURN_TYPE = YES_ERROR;
				GCC_WARN_UNDECLARED_SELECTOR = YES;
				GCC_WARN_UNINITIALIZED_AUTOS = YES_AGGRESSIVE;
				GCC_WARN_UNUSED_FUNCTION = YES;
				GCC_WARN_UNUSED_VARIABLE = YES;
				IPHONEOS_DEPLOYMENT_TARGET = 9.0;
				MTL_ENABLE_DEBUG_INFO = YES;
				ONLY_ACTIVE_ARCH = YES;
				SDKROOT = iphoneos;
				SWIFT_OPTIMIZATION_LEVEL = "-Onone";
				TARGETED_DEVICE_FAMILY = "1,2";
			};
			name = Debug;
		};
		F858B1481B80EDD300B45931 /* Release */ = {
			isa = XCBuildConfiguration;
			buildSettings = {
				ALWAYS_SEARCH_USER_PATHS = NO;
				CLANG_CXX_LANGUAGE_STANDARD = "gnu++0x";
				CLANG_CXX_LIBRARY = "libc++";
				CLANG_ENABLE_MODULES = YES;
				CLANG_ENABLE_OBJC_ARC = YES;
				CLANG_WARN_BOOL_CONVERSION = YES;
				CLANG_WARN_CONSTANT_CONVERSION = YES;
				CLANG_WARN_DIRECT_OBJC_ISA_USAGE = YES_ERROR;
				CLANG_WARN_EMPTY_BODY = YES;
				CLANG_WARN_ENUM_CONVERSION = YES;
				CLANG_WARN_INT_CONVERSION = YES;
				CLANG_WARN_OBJC_ROOT_CLASS = YES_ERROR;
				CLANG_WARN_UNREACHABLE_CODE = YES;
				CLANG_WARN__DUPLICATE_METHOD_MATCH = YES;
				"CODE_SIGN_IDENTITY[sdk=iphoneos*]" = "iPhone Developer";
				COPY_PHASE_STRIP = NO;
				DEBUG_INFORMATION_FORMAT = "dwarf-with-dsym";
				ENABLE_NS_ASSERTIONS = NO;
				ENABLE_STRICT_OBJC_MSGSEND = YES;
				GCC_C_LANGUAGE_STANDARD = gnu99;
				GCC_NO_COMMON_BLOCKS = YES;
				GCC_WARN_64_TO_32_BIT_CONVERSION = YES;
				GCC_WARN_ABOUT_RETURN_TYPE = YES_ERROR;
				GCC_WARN_UNDECLARED_SELECTOR = YES;
				GCC_WARN_UNINITIALIZED_AUTOS = YES_AGGRESSIVE;
				GCC_WARN_UNUSED_FUNCTION = YES;
				GCC_WARN_UNUSED_VARIABLE = YES;
				IPHONEOS_DEPLOYMENT_TARGET = 9.0;
				MTL_ENABLE_DEBUG_INFO = NO;
				SDKROOT = iphoneos;
				TARGETED_DEVICE_FAMILY = "1,2";
				VALIDATE_PRODUCT = YES;
			};
			name = Release;
		};
		F858B14A1B80EDD300B45931 /* Debug */ = {
			isa = XCBuildConfiguration;
			buildSettings = {
				ASSETCATALOG_COMPILER_APPICON_NAME = AppIcon;
				CODE_SIGN_IDENTITY = "iPhone Developer";
				"CODE_SIGN_IDENTITY[sdk=iphoneos*]" = "iPhone Developer";
				INFOPLIST_FILE = LetsGetMoving/Info.plist;
				LD_RUNPATH_SEARCH_PATHS = "$(inherited) @executable_path/Frameworks";
				PRODUCT_BUNDLE_IDENTIFIER = com.phatblat.LetsGetMoving;
				PRODUCT_NAME = "$(TARGET_NAME)";
				PROVISIONING_PROFILE = "";
			};
			name = Debug;
		};
		F858B14B1B80EDD300B45931 /* Release */ = {
			isa = XCBuildConfiguration;
			buildSettings = {
				ASSETCATALOG_COMPILER_APPICON_NAME = AppIcon;
				CODE_SIGN_IDENTITY = "iPhone Developer";
				"CODE_SIGN_IDENTITY[sdk=iphoneos*]" = "iPhone Developer";
				INFOPLIST_FILE = LetsGetMoving/Info.plist;
				LD_RUNPATH_SEARCH_PATHS = "$(inherited) @executable_path/Frameworks";
				PRODUCT_BUNDLE_IDENTIFIER = com.phatblat.LetsGetMoving;
				PRODUCT_NAME = "$(TARGET_NAME)";
				PROVISIONING_PROFILE = "";
			};
			name = Release;
		};
/* End XCBuildConfiguration section */

/* Begin XCConfigurationList section */
		F858B1321B80EDD200B45931 /* Build configuration list for PBXProject "LetsGetMoving" */ = {
			isa = XCConfigurationList;
			buildConfigurations = (
				F858B1471B80EDD300B45931 /* Debug */,
				F858B1481B80EDD300B45931 /* Release */,
			);
			defaultConfigurationIsVisible = 0;
			defaultConfigurationName = Release;
		};
		F858B1491B80EDD300B45931 /* Build configuration list for PBXNativeTarget "LetsGetMoving" */ = {
			isa = XCConfigurationList;
			buildConfigurations = (
				F858B14A1B80EDD300B45931 /* Debug */,
				F858B14B1B80EDD300B45931 /* Release */,
			);
			defaultConfigurationIsVisible = 0;
			defaultConfigurationName = Release;
		};
/* End XCConfigurationList section */
	};
	rootObject = F858B12F1B80EDD200B45931 /* Project object */;
}
